// !$*UTF8*$!
{
	archiveVersion = 1;
	classes = {
	};
	objectVersion = 55;
	objects = {

/* Begin PBXBuildFile section */
		3E099F1D289861D00014A07C /* TestExtensions in Frameworks */ = {isa = PBXBuildFile; productRef = 3E099F1C289861D00014A07C /* TestExtensions */; };
		3E164C73286F38BD006772F9 /* AutologgerApp.swift in Sources */ = {isa = PBXBuildFile; fileRef = 3E164C72286F38BD006772F9 /* AutologgerApp.swift */; };
		3E164C77286F38BE006772F9 /* Assets.xcassets in Resources */ = {isa = PBXBuildFile; fileRef = 3E164C76286F38BE006772F9 /* Assets.xcassets */; };
		3E164C7A286F38BE006772F9 /* Preview Assets.xcassets in Resources */ = {isa = PBXBuildFile; fileRef = 3E164C79286F38BE006772F9 /* Preview Assets.xcassets */; };
		3E445B1A286F57A2001F21A9 /* Colors.xcassets in Resources */ = {isa = PBXBuildFile; fileRef = 3E445B19286F57A2001F21A9 /* Colors.xcassets */; };
		3E75C2CF2895CCE100BB03C4 /* MainViewModelTests.swift in Sources */ = {isa = PBXBuildFile; fileRef = 3E75C2CE2895CCE100BB03C4 /* MainViewModelTests.swift */; };
		3E75C2DA2895EA5D00BB03C4 /* ProfileServiceMock.swift in Sources */ = {isa = PBXBuildFile; fileRef = 3E75C2D92895EA5D00BB03C4 /* ProfileServiceMock.swift */; };
		3E75C2DC2895EAB400BB03C4 /* UserAutosServiceMock.swift in Sources */ = {isa = PBXBuildFile; fileRef = 3E75C2DB2895EAB400BB03C4 /* UserAutosServiceMock.swift */; };
		3E75C2DE2895EAD100BB03C4 /* MainViewModelOutputMock.swift in Sources */ = {isa = PBXBuildFile; fileRef = 3E75C2DD2895EAD100BB03C4 /* MainViewModelOutputMock.swift */; };
		3E75C2E22895F8E800BB03C4 /* EditAutoViewModelTests.swift in Sources */ = {isa = PBXBuildFile; fileRef = 3E75C2E12895F8E800BB03C4 /* EditAutoViewModelTests.swift */; };
		3E75C2E52895FA1400BB03C4 /* MakesServiceMock.swift in Sources */ = {isa = PBXBuildFile; fileRef = 3E75C2E42895FA1400BB03C4 /* MakesServiceMock.swift */; };
		3E7A6F2C289A834200F7C80C /* Extensions in Frameworks */ = {isa = PBXBuildFile; productRef = 3E7A6F2B289A834200F7C80C /* Extensions */; };
		3E7A6F2E289A834800F7C80C /* Models in Frameworks */ = {isa = PBXBuildFile; productRef = 3E7A6F2D289A834800F7C80C /* Models */; };
		3E7A6F30289A834C00F7C80C /* UIComponents in Frameworks */ = {isa = PBXBuildFile; productRef = 3E7A6F2F289A834C00F7C80C /* UIComponents */; };
		3E7A6F32289A835200F7C80C /* NetworkManager in Frameworks */ = {isa = PBXBuildFile; productRef = 3E7A6F31289A835200F7C80C /* NetworkManager */; };
		3E7A6F34289A835500F7C80C /* NetworkManagerInterface in Frameworks */ = {isa = PBXBuildFile; productRef = 3E7A6F33289A835500F7C80C /* NetworkManagerInterface */; };
		3E7A6F36289A835B00F7C80C /* ProfileService in Frameworks */ = {isa = PBXBuildFile; productRef = 3E7A6F35289A835B00F7C80C /* ProfileService */; };
		3E7A6F38289A836500F7C80C /* MakesService in Frameworks */ = {isa = PBXBuildFile; productRef = 3E7A6F37289A836500F7C80C /* MakesService */; };
		3E7A6F3A289A836B00F7C80C /* UserAutosService in Frameworks */ = {isa = PBXBuildFile; productRef = 3E7A6F39289A836B00F7C80C /* UserAutosService */; };
		3E7A6F3C289A837900F7C80C /* MainModule in Frameworks */ = {isa = PBXBuildFile; productRef = 3E7A6F3B289A837900F7C80C /* MainModule */; };
		3E7A6F3E289A837D00F7C80C /* ProfileModule in Frameworks */ = {isa = PBXBuildFile; productRef = 3E7A6F3D289A837D00F7C80C /* ProfileModule */; };
		3E7A6F40289A838000F7C80C /* EditAutoModule in Frameworks */ = {isa = PBXBuildFile; productRef = 3E7A6F3F289A838000F7C80C /* EditAutoModule */; };
		3E7A6F42289A871000F7C80C /* MakesServiceInterface in Frameworks */ = {isa = PBXBuildFile; productRef = 3E7A6F41289A871000F7C80C /* MakesServiceInterface */; };
		3E8EEB9328995AD30080597A /* AppViewFactory.swift in Sources */ = {isa = PBXBuildFile; fileRef = 3E8EEB9228995AD30080597A /* AppViewFactory.swift */; };
		3E97432B287AFA9700612625 /* AppTabView.swift in Sources */ = {isa = PBXBuildFile; fileRef = 3E97432A287AFA9700612625 /* AppTabView.swift */; };
		3EC5386B287B51560037DA15 /* AppAssembler.swift in Sources */ = {isa = PBXBuildFile; fileRef = 3EC5386A287B51560037DA15 /* AppAssembler.swift */; };
/* End PBXBuildFile section */

/* Begin PBXContainerItemProxy section */
		3E75C2D02895CCE100BB03C4 /* PBXContainerItemProxy */ = {
			isa = PBXContainerItemProxy;
			containerPortal = 3E164C67286F38BD006772F9 /* Project object */;
			proxyType = 1;
			remoteGlobalIDString = 3E164C6E286F38BD006772F9;
			remoteInfo = Autologger;
		};
/* End PBXContainerItemProxy section */

/* Begin PBXFileReference section */
		3E099F1928985F290014A07C /* Extensions */ = {isa = PBXFileReference; lastKnownFileType = wrapper; name = Extensions; path = Packages/Common/Extensions; sourceTree = "<group>"; };
		3E164C6F286F38BD006772F9 /* Autologger.app */ = {isa = PBXFileReference; explicitFileType = wrapper.application; includeInIndex = 0; path = Autologger.app; sourceTree = BUILT_PRODUCTS_DIR; };
		3E164C72286F38BD006772F9 /* AutologgerApp.swift */ = {isa = PBXFileReference; lastKnownFileType = sourcecode.swift; path = AutologgerApp.swift; sourceTree = "<group>"; };
		3E164C76286F38BE006772F9 /* Assets.xcassets */ = {isa = PBXFileReference; lastKnownFileType = folder.assetcatalog; path = Assets.xcassets; sourceTree = "<group>"; };
		3E164C79286F38BE006772F9 /* Preview Assets.xcassets */ = {isa = PBXFileReference; lastKnownFileType = folder.assetcatalog; path = "Preview Assets.xcassets"; sourceTree = "<group>"; };
		3E369AA728985D6E009DA1C5 /* MakesService */ = {isa = PBXFileReference; lastKnownFileType = wrapper; name = MakesService; path = Packages/Services/MakesService; sourceTree = "<group>"; };
		3E369AA828985D81009DA1C5 /* NetworkManager */ = {isa = PBXFileReference; lastKnownFileType = wrapper; name = NetworkManager; path = Packages/Managers/NetworkManager; sourceTree = "<group>"; };
		3E445B19286F57A2001F21A9 /* Colors.xcassets */ = {isa = PBXFileReference; lastKnownFileType = folder.assetcatalog; path = Colors.xcassets; sourceTree = "<group>"; };
		3E75C2CC2895CCE100BB03C4 /* AutologgerTests.xctest */ = {isa = PBXFileReference; explicitFileType = wrapper.cfbundle; includeInIndex = 0; path = AutologgerTests.xctest; sourceTree = BUILT_PRODUCTS_DIR; };
		3E75C2CE2895CCE100BB03C4 /* MainViewModelTests.swift */ = {isa = PBXFileReference; lastKnownFileType = sourcecode.swift; path = MainViewModelTests.swift; sourceTree = "<group>"; };
		3E75C2D92895EA5D00BB03C4 /* ProfileServiceMock.swift */ = {isa = PBXFileReference; lastKnownFileType = sourcecode.swift; path = ProfileServiceMock.swift; sourceTree = "<group>"; };
		3E75C2DB2895EAB400BB03C4 /* UserAutosServiceMock.swift */ = {isa = PBXFileReference; lastKnownFileType = sourcecode.swift; path = UserAutosServiceMock.swift; sourceTree = "<group>"; };
		3E75C2DD2895EAD100BB03C4 /* MainViewModelOutputMock.swift */ = {isa = PBXFileReference; lastKnownFileType = sourcecode.swift; path = MainViewModelOutputMock.swift; sourceTree = "<group>"; };
		3E75C2E12895F8E800BB03C4 /* EditAutoViewModelTests.swift */ = {isa = PBXFileReference; lastKnownFileType = sourcecode.swift; path = EditAutoViewModelTests.swift; sourceTree = "<group>"; };
		3E75C2E42895FA1400BB03C4 /* MakesServiceMock.swift */ = {isa = PBXFileReference; lastKnownFileType = sourcecode.swift; path = MakesServiceMock.swift; sourceTree = "<group>"; };
		3E79D146289A74BB00EEE971 /* MainModule */ = {isa = PBXFileReference; lastKnownFileType = wrapper; name = MainModule; path = Packages/Modules/MainModule; sourceTree = "<group>"; };
		3E79D14A289A75A900EEE971 /* EditAutoModule */ = {isa = PBXFileReference; lastKnownFileType = wrapper; name = EditAutoModule; path = Packages/Modules/EditAutoModule; sourceTree = "<group>"; };
		3E84DA99289A763200F75932 /* ProfileModule */ = {isa = PBXFileReference; lastKnownFileType = wrapper; name = ProfileModule; path = Packages/Modules/ProfileModule; sourceTree = "<group>"; };
		3E8EEB9228995AD30080597A /* AppViewFactory.swift */ = {isa = PBXFileReference; lastKnownFileType = sourcecode.swift; path = AppViewFactory.swift; sourceTree = "<group>"; };
		3E97432A287AFA9700612625 /* AppTabView.swift */ = {isa = PBXFileReference; lastKnownFileType = sourcecode.swift; path = AppTabView.swift; sourceTree = "<group>"; };
		3E977A6F28985CAC0084E398 /* Models */ = {isa = PBXFileReference; lastKnownFileType = wrapper; name = Models; path = Packages/Common/Models; sourceTree = "<group>"; };
		3E977A7028985CB70084E398 /* UIComponents */ = {isa = PBXFileReference; lastKnownFileType = wrapper; name = UIComponents; path = Packages/Common/UIComponents; sourceTree = "<group>"; };
		3E977A7228985CD90084E398 /* ProfileService */ = {isa = PBXFileReference; lastKnownFileType = wrapper; name = ProfileService; path = Packages/Services/ProfileService; sourceTree = "<group>"; };
		3E977A7328985CE20084E398 /* UserAutosService */ = {isa = PBXFileReference; lastKnownFileType = wrapper; name = UserAutosService; path = Packages/Services/UserAutosService; sourceTree = "<group>"; };
		3EC5386A287B51560037DA15 /* AppAssembler.swift */ = {isa = PBXFileReference; lastKnownFileType = sourcecode.swift; path = AppAssembler.swift; sourceTree = "<group>"; };
/* End PBXFileReference section */

/* Begin PBXFrameworksBuildPhase section */
		3E164C6C286F38BD006772F9 /* Frameworks */ = {
			isa = PBXFrameworksBuildPhase;
			buildActionMask = 2147483647;
			files = (
				3E7A6F30289A834C00F7C80C /* UIComponents in Frameworks */,
				3E7A6F38289A836500F7C80C /* MakesService in Frameworks */,
				3E7A6F2E289A834800F7C80C /* Models in Frameworks */,
				3E7A6F34289A835500F7C80C /* NetworkManagerInterface in Frameworks */,
				3E7A6F3A289A836B00F7C80C /* UserAutosService in Frameworks */,
				3E7A6F2C289A834200F7C80C /* Extensions in Frameworks */,
				3E7A6F36289A835B00F7C80C /* ProfileService in Frameworks */,
				3E7A6F40289A838000F7C80C /* EditAutoModule in Frameworks */,
				3E7A6F42289A871000F7C80C /* MakesServiceInterface in Frameworks */,
				3E7A6F3C289A837900F7C80C /* MainModule in Frameworks */,
				3E7A6F3E289A837D00F7C80C /* ProfileModule in Frameworks */,
				3E7A6F32289A835200F7C80C /* NetworkManager in Frameworks */,
			);
			runOnlyForDeploymentPostprocessing = 0;
		};
		3E75C2C92895CCE100BB03C4 /* Frameworks */ = {
			isa = PBXFrameworksBuildPhase;
			buildActionMask = 2147483647;
			files = (
				3E099F1D289861D00014A07C /* TestExtensions in Frameworks */,
			);
			runOnlyForDeploymentPostprocessing = 0;
		};
/* End PBXFrameworksBuildPhase section */

/* Begin PBXGroup section */
		3E164C66286F38BD006772F9 = {
			isa = PBXGroup;
			children = (
				3EF14903289A7DCA00CAA439 /* Common */,
				3EF14904289A7DEB00CAA439 /* Managers */,
				3EF14905289A7E0100CAA439 /* Services */,
				3EF14906289A7E1800CAA439 /* Modules */,
				3E164C71286F38BD006772F9 /* Autologger */,
				3E75C2CD2895CCE100BB03C4 /* AutologgerTests */,
				3E164C70286F38BD006772F9 /* Products */,
				3EFD47012878EB61007619DD /* Frameworks */,
			);
			sourceTree = "<group>";
		};
		3E164C70286F38BD006772F9 /* Products */ = {
			isa = PBXGroup;
			children = (
				3E164C6F286F38BD006772F9 /* Autologger.app */,
				3E75C2CC2895CCE100BB03C4 /* AutologgerTests.xctest */,
			);
			name = Products;
			sourceTree = "<group>";
		};
		3E164C71286F38BD006772F9 /* Autologger */ = {
			isa = PBXGroup;
			children = (
				3E164C72286F38BD006772F9 /* AutologgerApp.swift */,
				3E97432A287AFA9700612625 /* AppTabView.swift */,
				3EC5386A287B51560037DA15 /* AppAssembler.swift */,
				3E8EEB9228995AD30080597A /* AppViewFactory.swift */,
				3E445B19286F57A2001F21A9 /* Colors.xcassets */,
				3E164C76286F38BE006772F9 /* Assets.xcassets */,
				3E164C78286F38BE006772F9 /* Preview Content */,
			);
			path = Autologger;
			sourceTree = "<group>";
		};
		3E164C78286F38BE006772F9 /* Preview Content */ = {
			isa = PBXGroup;
			children = (
				3E164C79286F38BE006772F9 /* Preview Assets.xcassets */,
			);
			path = "Preview Content";
			sourceTree = "<group>";
		};
		3E75C2CD2895CCE100BB03C4 /* AutologgerTests */ = {
			isa = PBXGroup;
			children = (
				3E75C2E32895F8EC00BB03C4 /* EditAuto */,
				3E75C2DF2895EB3F00BB03C4 /* MainViewModel */,
				3E75C2E02895EB4900BB03C4 /* Services */,
			);
			path = AutologgerTests;
			sourceTree = "<group>";
		};
		3E75C2DF2895EB3F00BB03C4 /* MainViewModel */ = {
			isa = PBXGroup;
			children = (
				3E75C2CE2895CCE100BB03C4 /* MainViewModelTests.swift */,
				3E75C2DD2895EAD100BB03C4 /* MainViewModelOutputMock.swift */,
			);
			path = MainViewModel;
			sourceTree = "<group>";
		};
		3E75C2E02895EB4900BB03C4 /* Services */ = {
			isa = PBXGroup;
			children = (
				3E75C2DB2895EAB400BB03C4 /* UserAutosServiceMock.swift */,
				3E75C2D92895EA5D00BB03C4 /* ProfileServiceMock.swift */,
				3E75C2E42895FA1400BB03C4 /* MakesServiceMock.swift */,
			);
			path = Services;
			sourceTree = "<group>";
		};
		3E75C2E32895F8EC00BB03C4 /* EditAuto */ = {
			isa = PBXGroup;
			children = (
				3E75C2E12895F8E800BB03C4 /* EditAutoViewModelTests.swift */,
			);
			path = EditAuto;
			sourceTree = "<group>";
		};
		3EF14903289A7DCA00CAA439 /* Common */ = {
			isa = PBXGroup;
			children = (
				3E099F1928985F290014A07C /* Extensions */,
				3E977A6F28985CAC0084E398 /* Models */,
				3E977A7028985CB70084E398 /* UIComponents */,
			);
			name = Common;
			sourceTree = "<group>";
		};
		3EF14904289A7DEB00CAA439 /* Managers */ = {
			isa = PBXGroup;
			children = (
				3E369AA828985D81009DA1C5 /* NetworkManager */,
			);
			name = Managers;
			sourceTree = "<group>";
		};
		3EF14905289A7E0100CAA439 /* Services */ = {
			isa = PBXGroup;
			children = (
				3E369AA728985D6E009DA1C5 /* MakesService */,
				3E977A7228985CD90084E398 /* ProfileService */,
				3E977A7328985CE20084E398 /* UserAutosService */,
			);
			name = Services;
			sourceTree = "<group>";
		};
		3EF14906289A7E1800CAA439 /* Modules */ = {
			isa = PBXGroup;
			children = (
				3E79D14A289A75A900EEE971 /* EditAutoModule */,
				3E79D146289A74BB00EEE971 /* MainModule */,
				3E84DA99289A763200F75932 /* ProfileModule */,
			);
			name = Modules;
			sourceTree = "<group>";
		};
		3EFD47012878EB61007619DD /* Frameworks */ = {
			isa = PBXGroup;
			children = (
			);
			name = Frameworks;
			sourceTree = "<group>";
		};
/* End PBXGroup section */

/* Begin PBXNativeTarget section */
		3E164C6E286F38BD006772F9 /* Autologger */ = {
			isa = PBXNativeTarget;
			buildConfigurationList = 3E164C7D286F38BE006772F9 /* Build configuration list for PBXNativeTarget "Autologger" */;
			buildPhases = (
				3E164C6B286F38BD006772F9 /* Sources */,
				3E164C6C286F38BD006772F9 /* Frameworks */,
				3E164C6D286F38BD006772F9 /* Resources */,
			);
			buildRules = (
			);
			dependencies = (
			);
			name = Autologger;
			packageProductDependencies = (
				3E7A6F2B289A834200F7C80C /* Extensions */,
				3E7A6F2D289A834800F7C80C /* Models */,
				3E7A6F2F289A834C00F7C80C /* UIComponents */,
				3E7A6F31289A835200F7C80C /* NetworkManager */,
				3E7A6F33289A835500F7C80C /* NetworkManagerInterface */,
				3E7A6F35289A835B00F7C80C /* ProfileService */,
				3E7A6F37289A836500F7C80C /* MakesService */,
				3E7A6F39289A836B00F7C80C /* UserAutosService */,
				3E7A6F3B289A837900F7C80C /* MainModule */,
				3E7A6F3D289A837D00F7C80C /* ProfileModule */,
				3E7A6F3F289A838000F7C80C /* EditAutoModule */,
				3E7A6F41289A871000F7C80C /* MakesServiceInterface */,
			);
			productName = Autologger;
			productReference = 3E164C6F286F38BD006772F9 /* Autologger.app */;
			productType = "com.apple.product-type.application";
		};
		3E75C2CB2895CCE100BB03C4 /* AutologgerTests */ = {
			isa = PBXNativeTarget;
			buildConfigurationList = 3E75C2D42895CCE100BB03C4 /* Build configuration list for PBXNativeTarget "AutologgerTests" */;
			buildPhases = (
				3E75C2C82895CCE100BB03C4 /* Sources */,
				3E75C2C92895CCE100BB03C4 /* Frameworks */,
				3E75C2CA2895CCE100BB03C4 /* Resources */,
			);
			buildRules = (
			);
			dependencies = (
				3E75C2D12895CCE100BB03C4 /* PBXTargetDependency */,
			);
			name = AutologgerTests;
			packageProductDependencies = (
				3E099F1C289861D00014A07C /* TestExtensions */,
			);
			productName = AutologgerTests;
			productReference = 3E75C2CC2895CCE100BB03C4 /* AutologgerTests.xctest */;
			productType = "com.apple.product-type.bundle.unit-test";
		};
/* End PBXNativeTarget section */

/* Begin PBXProject section */
		3E164C67286F38BD006772F9 /* Project object */ = {
			isa = PBXProject;
			attributes = {
				BuildIndependentTargetsInParallel = 1;
				LastSwiftUpdateCheck = 1340;
				LastUpgradeCheck = 1340;
				TargetAttributes = {
					3E164C6E286F38BD006772F9 = {
						CreatedOnToolsVersion = 13.4;
					};
					3E75C2CB2895CCE100BB03C4 = {
						CreatedOnToolsVersion = 13.4;
						TestTargetID = 3E164C6E286F38BD006772F9;
					};
				};
			};
			buildConfigurationList = 3E164C6A286F38BD006772F9 /* Build configuration list for PBXProject "Autologger" */;
			compatibilityVersion = "Xcode 13.0";
			developmentRegion = en;
			hasScannedForEncodings = 0;
			knownRegions = (
				en,
				Base,
			);
			mainGroup = 3E164C66286F38BD006772F9;
			productRefGroup = 3E164C70286F38BD006772F9 /* Products */;
			projectDirPath = "";
			projectRoot = "";
			targets = (
				3E164C6E286F38BD006772F9 /* Autologger */,
				3E75C2CB2895CCE100BB03C4 /* AutologgerTests */,
			);
		};
/* End PBXProject section */

/* Begin PBXResourcesBuildPhase section */
		3E164C6D286F38BD006772F9 /* Resources */ = {
			isa = PBXResourcesBuildPhase;
			buildActionMask = 2147483647;
			files = (
				3E445B1A286F57A2001F21A9 /* Colors.xcassets in Resources */,
				3E164C7A286F38BE006772F9 /* Preview Assets.xcassets in Resources */,
				3E164C77286F38BE006772F9 /* Assets.xcassets in Resources */,
			);
			runOnlyForDeploymentPostprocessing = 0;
		};
		3E75C2CA2895CCE100BB03C4 /* Resources */ = {
			isa = PBXResourcesBuildPhase;
			buildActionMask = 2147483647;
			files = (
			);
			runOnlyForDeploymentPostprocessing = 0;
		};
/* End PBXResourcesBuildPhase section */

/* Begin PBXSourcesBuildPhase section */
		3E164C6B286F38BD006772F9 /* Sources */ = {
			isa = PBXSourcesBuildPhase;
			buildActionMask = 2147483647;
			files = (
				3E164C73286F38BD006772F9 /* AutologgerApp.swift in Sources */,
				3EC5386B287B51560037DA15 /* AppAssembler.swift in Sources */,
				3E8EEB9328995AD30080597A /* AppViewFactory.swift in Sources */,
				3E97432B287AFA9700612625 /* AppTabView.swift in Sources */,
			);
			runOnlyForDeploymentPostprocessing = 0;
		};
		3E75C2C82895CCE100BB03C4 /* Sources */ = {
			isa = PBXSourcesBuildPhase;
			buildActionMask = 2147483647;
			files = (
				3E75C2E22895F8E800BB03C4 /* EditAutoViewModelTests.swift in Sources */,
				3E75C2E52895FA1400BB03C4 /* MakesServiceMock.swift in Sources */,
				3E75C2DE2895EAD100BB03C4 /* MainViewModelOutputMock.swift in Sources */,
				3E75C2CF2895CCE100BB03C4 /* MainViewModelTests.swift in Sources */,
				3E75C2DC2895EAB400BB03C4 /* UserAutosServiceMock.swift in Sources */,
				3E75C2DA2895EA5D00BB03C4 /* ProfileServiceMock.swift in Sources */,
			);
			runOnlyForDeploymentPostprocessing = 0;
		};
/* End PBXSourcesBuildPhase section */

/* Begin PBXTargetDependency section */
		3E75C2D12895CCE100BB03C4 /* PBXTargetDependency */ = {
			isa = PBXTargetDependency;
			target = 3E164C6E286F38BD006772F9 /* Autologger */;
			targetProxy = 3E75C2D02895CCE100BB03C4 /* PBXContainerItemProxy */;
		};
/* End PBXTargetDependency section */

/* Begin XCBuildConfiguration section */
		3E164C7B286F38BE006772F9 /* Debug */ = {
			isa = XCBuildConfiguration;
			buildSettings = {
				ALWAYS_SEARCH_USER_PATHS = NO;
				CLANG_ANALYZER_NONNULL = YES;
				CLANG_ANALYZER_NUMBER_OBJECT_CONVERSION = YES_AGGRESSIVE;
				CLANG_CXX_LANGUAGE_STANDARD = "gnu++17";
				CLANG_ENABLE_MODULES = YES;
				CLANG_ENABLE_OBJC_ARC = YES;
				CLANG_ENABLE_OBJC_WEAK = YES;
				CLANG_WARN_BLOCK_CAPTURE_AUTORELEASING = YES;
				CLANG_WARN_BOOL_CONVERSION = YES;
				CLANG_WARN_COMMA = YES;
				CLANG_WARN_CONSTANT_CONVERSION = YES;
				CLANG_WARN_DEPRECATED_OBJC_IMPLEMENTATIONS = YES;
				CLANG_WARN_DIRECT_OBJC_ISA_USAGE = YES_ERROR;
				CLANG_WARN_DOCUMENTATION_COMMENTS = YES;
				CLANG_WARN_EMPTY_BODY = YES;
				CLANG_WARN_ENUM_CONVERSION = YES;
				CLANG_WARN_INFINITE_RECURSION = YES;
				CLANG_WARN_INT_CONVERSION = YES;
				CLANG_WARN_NON_LITERAL_NULL_CONVERSION = YES;
				CLANG_WARN_OBJC_IMPLICIT_RETAIN_SELF = YES;
				CLANG_WARN_OBJC_LITERAL_CONVERSION = YES;
				CLANG_WARN_OBJC_ROOT_CLASS = YES_ERROR;
				CLANG_WARN_QUOTED_INCLUDE_IN_FRAMEWORK_HEADER = YES;
				CLANG_WARN_RANGE_LOOP_ANALYSIS = YES;
				CLANG_WARN_STRICT_PROTOTYPES = YES;
				CLANG_WARN_SUSPICIOUS_MOVE = YES;
				CLANG_WARN_UNGUARDED_AVAILABILITY = YES_AGGRESSIVE;
				CLANG_WARN_UNREACHABLE_CODE = YES;
				CLANG_WARN__DUPLICATE_METHOD_MATCH = YES;
				COPY_PHASE_STRIP = NO;
				DEBUG_INFORMATION_FORMAT = dwarf;
				ENABLE_STRICT_OBJC_MSGSEND = YES;
				ENABLE_TESTABILITY = YES;
				GCC_C_LANGUAGE_STANDARD = gnu11;
				GCC_DYNAMIC_NO_PIC = NO;
				GCC_NO_COMMON_BLOCKS = YES;
				GCC_OPTIMIZATION_LEVEL = 0;
				GCC_PREPROCESSOR_DEFINITIONS = (
					"DEBUG=1",
					"$(inherited)",
				);
				GCC_WARN_64_TO_32_BIT_CONVERSION = YES;
				GCC_WARN_ABOUT_RETURN_TYPE = YES_ERROR;
				GCC_WARN_UNDECLARED_SELECTOR = YES;
				GCC_WARN_UNINITIALIZED_AUTOS = YES_AGGRESSIVE;
				GCC_WARN_UNUSED_FUNCTION = YES;
				GCC_WARN_UNUSED_VARIABLE = YES;
				IPHONEOS_DEPLOYMENT_TARGET = 15.0;
				MTL_ENABLE_DEBUG_INFO = INCLUDE_SOURCE;
				MTL_FAST_MATH = YES;
				ONLY_ACTIVE_ARCH = YES;
				SDKROOT = iphoneos;
				SWIFT_ACTIVE_COMPILATION_CONDITIONS = DEBUG;
				SWIFT_OPTIMIZATION_LEVEL = "-Onone";
			};
			name = Debug;
		};
		3E164C7C286F38BE006772F9 /* Release */ = {
			isa = XCBuildConfiguration;
			buildSettings = {
				ALWAYS_SEARCH_USER_PATHS = NO;
				CLANG_ANALYZER_NONNULL = YES;
				CLANG_ANALYZER_NUMBER_OBJECT_CONVERSION = YES_AGGRESSIVE;
				CLANG_CXX_LANGUAGE_STANDARD = "gnu++17";
				CLANG_ENABLE_MODULES = YES;
				CLANG_ENABLE_OBJC_ARC = YES;
				CLANG_ENABLE_OBJC_WEAK = YES;
				CLANG_WARN_BLOCK_CAPTURE_AUTORELEASING = YES;
				CLANG_WARN_BOOL_CONVERSION = YES;
				CLANG_WARN_COMMA = YES;
				CLANG_WARN_CONSTANT_CONVERSION = YES;
				CLANG_WARN_DEPRECATED_OBJC_IMPLEMENTATIONS = YES;
				CLANG_WARN_DIRECT_OBJC_ISA_USAGE = YES_ERROR;
				CLANG_WARN_DOCUMENTATION_COMMENTS = YES;
				CLANG_WARN_EMPTY_BODY = YES;
				CLANG_WARN_ENUM_CONVERSION = YES;
				CLANG_WARN_INFINITE_RECURSION = YES;
				CLANG_WARN_INT_CONVERSION = YES;
				CLANG_WARN_NON_LITERAL_NULL_CONVERSION = YES;
				CLANG_WARN_OBJC_IMPLICIT_RETAIN_SELF = YES;
				CLANG_WARN_OBJC_LITERAL_CONVERSION = YES;
				CLANG_WARN_OBJC_ROOT_CLASS = YES_ERROR;
				CLANG_WARN_QUOTED_INCLUDE_IN_FRAMEWORK_HEADER = YES;
				CLANG_WARN_RANGE_LOOP_ANALYSIS = YES;
				CLANG_WARN_STRICT_PROTOTYPES = YES;
				CLANG_WARN_SUSPICIOUS_MOVE = YES;
				CLANG_WARN_UNGUARDED_AVAILABILITY = YES_AGGRESSIVE;
				CLANG_WARN_UNREACHABLE_CODE = YES;
				CLANG_WARN__DUPLICATE_METHOD_MATCH = YES;
				COPY_PHASE_STRIP = NO;
				DEBUG_INFORMATION_FORMAT = "dwarf-with-dsym";
				ENABLE_NS_ASSERTIONS = NO;
				ENABLE_STRICT_OBJC_MSGSEND = YES;
				GCC_C_LANGUAGE_STANDARD = gnu11;
				GCC_NO_COMMON_BLOCKS = YES;
				GCC_WARN_64_TO_32_BIT_CONVERSION = YES;
				GCC_WARN_ABOUT_RETURN_TYPE = YES_ERROR;
				GCC_WARN_UNDECLARED_SELECTOR = YES;
				GCC_WARN_UNINITIALIZED_AUTOS = YES_AGGRESSIVE;
				GCC_WARN_UNUSED_FUNCTION = YES;
				GCC_WARN_UNUSED_VARIABLE = YES;
				IPHONEOS_DEPLOYMENT_TARGET = 15.0;
				MTL_ENABLE_DEBUG_INFO = NO;
				MTL_FAST_MATH = YES;
				SDKROOT = iphoneos;
				SWIFT_COMPILATION_MODE = wholemodule;
				SWIFT_OPTIMIZATION_LEVEL = "-O";
				VALIDATE_PRODUCT = YES;
			};
			name = Release;
		};
		3E164C7E286F38BE006772F9 /* Debug */ = {
			isa = XCBuildConfiguration;
			buildSettings = {
				ASSETCATALOG_COMPILER_APPICON_NAME = AppIcon;
				ASSETCATALOG_COMPILER_GLOBAL_ACCENT_COLOR_NAME = AccentColor;
				CODE_SIGN_STYLE = Automatic;
				CURRENT_PROJECT_VERSION = 1;
				DEVELOPMENT_ASSET_PATHS = "\"Autologger/Preview Content\"";
				DEVELOPMENT_TEAM = 6FHJ5NMM3D;
				ENABLE_PREVIEWS = YES;
				GENERATE_INFOPLIST_FILE = YES;
				INFOPLIST_KEY_UIApplicationSceneManifest_Generation = YES;
				INFOPLIST_KEY_UIApplicationSupportsIndirectInputEvents = YES;
				INFOPLIST_KEY_UILaunchScreen_Generation = YES;
				INFOPLIST_KEY_UISupportedInterfaceOrientations_iPad = "UIInterfaceOrientationPortrait UIInterfaceOrientationPortraitUpsideDown UIInterfaceOrientationLandscapeLeft UIInterfaceOrientationLandscapeRight";
				INFOPLIST_KEY_UISupportedInterfaceOrientations_iPhone = "UIInterfaceOrientationPortrait UIInterfaceOrientationLandscapeLeft UIInterfaceOrientationLandscapeRight";
				LD_RUNPATH_SEARCH_PATHS = (
					"$(inherited)",
					"@executable_path/Frameworks",
				);
				MARKETING_VERSION = 1.0;
				PRODUCT_BUNDLE_IDENTIFIER = ru.ashurbekov.app.Autologger;
				PRODUCT_NAME = "$(TARGET_NAME)";
				SWIFT_EMIT_LOC_STRINGS = YES;
				SWIFT_VERSION = 5.0;
				TARGETED_DEVICE_FAMILY = "1,2";
			};
			name = Debug;
		};
		3E164C7F286F38BE006772F9 /* Release */ = {
			isa = XCBuildConfiguration;
			buildSettings = {
				ASSETCATALOG_COMPILER_APPICON_NAME = AppIcon;
				ASSETCATALOG_COMPILER_GLOBAL_ACCENT_COLOR_NAME = AccentColor;
				CODE_SIGN_STYLE = Automatic;
				CURRENT_PROJECT_VERSION = 1;
				DEVELOPMENT_ASSET_PATHS = "\"Autologger/Preview Content\"";
				DEVELOPMENT_TEAM = 6FHJ5NMM3D;
				ENABLE_PREVIEWS = YES;
				GENERATE_INFOPLIST_FILE = YES;
				INFOPLIST_KEY_UIApplicationSceneManifest_Generation = YES;
				INFOPLIST_KEY_UIApplicationSupportsIndirectInputEvents = YES;
				INFOPLIST_KEY_UILaunchScreen_Generation = YES;
				INFOPLIST_KEY_UISupportedInterfaceOrientations_iPad = "UIInterfaceOrientationPortrait UIInterfaceOrientationPortraitUpsideDown UIInterfaceOrientationLandscapeLeft UIInterfaceOrientationLandscapeRight";
				INFOPLIST_KEY_UISupportedInterfaceOrientations_iPhone = "UIInterfaceOrientationPortrait UIInterfaceOrientationLandscapeLeft UIInterfaceOrientationLandscapeRight";
				LD_RUNPATH_SEARCH_PATHS = (
					"$(inherited)",
					"@executable_path/Frameworks",
				);
				MARKETING_VERSION = 1.0;
				PRODUCT_BUNDLE_IDENTIFIER = ru.ashurbekov.app.Autologger;
				PRODUCT_NAME = "$(TARGET_NAME)";
				SWIFT_EMIT_LOC_STRINGS = YES;
				SWIFT_VERSION = 5.0;
				TARGETED_DEVICE_FAMILY = "1,2";
			};
			name = Release;
		};
		3E75C2D22895CCE100BB03C4 /* Debug */ = {
			isa = XCBuildConfiguration;
			buildSettings = {
				BUNDLE_LOADER = "$(TEST_HOST)";
				CODE_SIGN_STYLE = Automatic;
				CURRENT_PROJECT_VERSION = 1;
				DEVELOPMENT_TEAM = 6FHJ5NMM3D;
				GENERATE_INFOPLIST_FILE = YES;
				IPHONEOS_DEPLOYMENT_TARGET = 15.5;
				MARKETING_VERSION = 1.0;
				PRODUCT_BUNDLE_IDENTIFIER = ru.ashurbekov.app.AutologgerTests;
				PRODUCT_NAME = "$(TARGET_NAME)";
				SWIFT_EMIT_LOC_STRINGS = NO;
				SWIFT_VERSION = 5.0;
				TARGETED_DEVICE_FAMILY = "1,2";
				TEST_HOST = "$(BUILT_PRODUCTS_DIR)/Autologger.app/Autologger";
			};
			name = Debug;
		};
		3E75C2D32895CCE100BB03C4 /* Release */ = {
			isa = XCBuildConfiguration;
			buildSettings = {
				BUNDLE_LOADER = "$(TEST_HOST)";
				CODE_SIGN_STYLE = Automatic;
				CURRENT_PROJECT_VERSION = 1;
				DEVELOPMENT_TEAM = 6FHJ5NMM3D;
				GENERATE_INFOPLIST_FILE = YES;
				IPHONEOS_DEPLOYMENT_TARGET = 15.5;
				MARKETING_VERSION = 1.0;
				PRODUCT_BUNDLE_IDENTIFIER = ru.ashurbekov.app.AutologgerTests;
				PRODUCT_NAME = "$(TARGET_NAME)";
				SWIFT_EMIT_LOC_STRINGS = NO;
				SWIFT_VERSION = 5.0;
				TARGETED_DEVICE_FAMILY = "1,2";
				TEST_HOST = "$(BUILT_PRODUCTS_DIR)/Autologger.app/Autologger";
			};
			name = Release;
		};
/* End XCBuildConfiguration section */

/* Begin XCConfigurationList section */
		3E164C6A286F38BD006772F9 /* Build configuration list for PBXProject "Autologger" */ = {
			isa = XCConfigurationList;
			buildConfigurations = (
				3E164C7B286F38BE006772F9 /* Debug */,
				3E164C7C286F38BE006772F9 /* Release */,
			);
			defaultConfigurationIsVisible = 0;
			defaultConfigurationName = Release;
		};
		3E164C7D286F38BE006772F9 /* Build configuration list for PBXNativeTarget "Autologger" */ = {
			isa = XCConfigurationList;
			buildConfigurations = (
				3E164C7E286F38BE006772F9 /* Debug */,
				3E164C7F286F38BE006772F9 /* Release */,
			);
			defaultConfigurationIsVisible = 0;
			defaultConfigurationName = Release;
		};
		3E75C2D42895CCE100BB03C4 /* Build configuration list for PBXNativeTarget "AutologgerTests" */ = {
			isa = XCConfigurationList;
			buildConfigurations = (
				3E75C2D22895CCE100BB03C4 /* Debug */,
				3E75C2D32895CCE100BB03C4 /* Release */,
			);
			defaultConfigurationIsVisible = 0;
			defaultConfigurationName = Release;
		};
/* End XCConfigurationList section */

/* Begin XCSwiftPackageProductDependency section */
		3E099F1C289861D00014A07C /* TestExtensions */ = {
			isa = XCSwiftPackageProductDependency;
			productName = TestExtensions;
		};
		3E7A6F2B289A834200F7C80C /* Extensions */ = {
			isa = XCSwiftPackageProductDependency;
			productName = Extensions;
		};
		3E7A6F2D289A834800F7C80C /* Models */ = {
			isa = XCSwiftPackageProductDependency;
			productName = Models;
		};
		3E7A6F2F289A834C00F7C80C /* UIComponents */ = {
			isa = XCSwiftPackageProductDependency;
			productName = UIComponents;
		};
		3E7A6F31289A835200F7C80C /* NetworkManager */ = {
			isa = XCSwiftPackageProductDependency;
			productName = NetworkManager;
		};
		3E7A6F33289A835500F7C80C /* NetworkManagerInterface */ = {
			isa = XCSwiftPackageProductDependency;
			productName = NetworkManagerInterface;
		};
		3E7A6F35289A835B00F7C80C /* ProfileService */ = {
			isa = XCSwiftPackageProductDependency;
			productName = ProfileService;
		};
		3E7A6F37289A836500F7C80C /* MakesService */ = {
			isa = XCSwiftPackageProductDependency;
			productName = MakesService;
		};
		3E7A6F39289A836B00F7C80C /* UserAutosService */ = {
			isa = XCSwiftPackageProductDependency;
			productName = UserAutosService;
		};
		3E7A6F3B289A837900F7C80C /* MainModule */ = {
			isa = XCSwiftPackageProductDependency;
			productName = MainModule;
		};
		3E7A6F3D289A837D00F7C80C /* ProfileModule */ = {
			isa = XCSwiftPackageProductDependency;
			productName = ProfileModule;
		};
		3E7A6F3F289A838000F7C80C /* EditAutoModule */ = {
			isa = XCSwiftPackageProductDependency;
			productName = EditAutoModule;
		};
		3E7A6F41289A871000F7C80C /* MakesServiceInterface */ = {
			isa = XCSwiftPackageProductDependency;
			productName = MakesServiceInterface;
		};
/* End XCSwiftPackageProductDependency section */
	};
	rootObject = 3E164C67286F38BD006772F9 /* Project object */;
}
