// !$*UTF8*$!
{
	archiveVersion = 1;
	classes = {
	};
	objectVersion = 55;
	objects = {

/* Begin PBXBuildFile section */
		3E099F1B28985FA60014A07C /* Extensions in Frameworks */ = {isa = PBXBuildFile; productRef = 3E099F1A28985FA60014A07C /* Extensions */; };
		3E099F1D289861D00014A07C /* TestExtensions in Frameworks */ = {isa = PBXBuildFile; productRef = 3E099F1C289861D00014A07C /* TestExtensions */; };
		3E0A37D5287B3D9800D9AD68 /* EditProfileView.swift in Sources */ = {isa = PBXBuildFile; fileRef = 3E0A37D4287B3D9800D9AD68 /* EditProfileView.swift */; };
		3E0A37D7287B3DA200D9AD68 /* EditProfileViewModel.swift in Sources */ = {isa = PBXBuildFile; fileRef = 3E0A37D6287B3DA200D9AD68 /* EditProfileViewModel.swift */; };
		3E164C73286F38BD006772F9 /* AutologgerApp.swift in Sources */ = {isa = PBXBuildFile; fileRef = 3E164C72286F38BD006772F9 /* AutologgerApp.swift */; };
		3E164C75286F38BD006772F9 /* MainView.swift in Sources */ = {isa = PBXBuildFile; fileRef = 3E164C74286F38BD006772F9 /* MainView.swift */; };
		3E164C77286F38BE006772F9 /* Assets.xcassets in Resources */ = {isa = PBXBuildFile; fileRef = 3E164C76286F38BE006772F9 /* Assets.xcassets */; };
		3E164C7A286F38BE006772F9 /* Preview Assets.xcassets in Resources */ = {isa = PBXBuildFile; fileRef = 3E164C79286F38BE006772F9 /* Preview Assets.xcassets */; };
		3E369AAA28985D8B009DA1C5 /* MakesService in Frameworks */ = {isa = PBXBuildFile; productRef = 3E369AA928985D8B009DA1C5 /* MakesService */; };
		3E369AAC28985D8F009DA1C5 /* ProfileService in Frameworks */ = {isa = PBXBuildFile; productRef = 3E369AAB28985D8F009DA1C5 /* ProfileService */; };
		3E369AAE28985D92009DA1C5 /* UserAutosService in Frameworks */ = {isa = PBXBuildFile; productRef = 3E369AAD28985D92009DA1C5 /* UserAutosService */; };
		3E445B1A286F57A2001F21A9 /* Colors.xcassets in Resources */ = {isa = PBXBuildFile; fileRef = 3E445B19286F57A2001F21A9 /* Colors.xcassets */; };
		3E75C2CF2895CCE100BB03C4 /* MainViewModelTests.swift in Sources */ = {isa = PBXBuildFile; fileRef = 3E75C2CE2895CCE100BB03C4 /* MainViewModelTests.swift */; };
		3E75C2D82895DE7400BB03C4 /* MainViewModelOutput.swift in Sources */ = {isa = PBXBuildFile; fileRef = 3E75C2D72895DE7400BB03C4 /* MainViewModelOutput.swift */; };
		3E75C2DA2895EA5D00BB03C4 /* ProfileServiceMock.swift in Sources */ = {isa = PBXBuildFile; fileRef = 3E75C2D92895EA5D00BB03C4 /* ProfileServiceMock.swift */; };
		3E75C2DC2895EAB400BB03C4 /* UserAutosServiceMock.swift in Sources */ = {isa = PBXBuildFile; fileRef = 3E75C2DB2895EAB400BB03C4 /* UserAutosServiceMock.swift */; };
		3E75C2DE2895EAD100BB03C4 /* MainViewModelOutputMock.swift in Sources */ = {isa = PBXBuildFile; fileRef = 3E75C2DD2895EAD100BB03C4 /* MainViewModelOutputMock.swift */; };
		3E75C2E22895F8E800BB03C4 /* EditAutoViewModelTests.swift in Sources */ = {isa = PBXBuildFile; fileRef = 3E75C2E12895F8E800BB03C4 /* EditAutoViewModelTests.swift */; };
		3E75C2E52895FA1400BB03C4 /* MakesServiceMock.swift in Sources */ = {isa = PBXBuildFile; fileRef = 3E75C2E42895FA1400BB03C4 /* MakesServiceMock.swift */; };
		3E974327287AF9BF00612625 /* ProfileView.swift in Sources */ = {isa = PBXBuildFile; fileRef = 3E974326287AF9BF00612625 /* ProfileView.swift */; };
		3E97432B287AFA9700612625 /* AppTabView.swift in Sources */ = {isa = PBXBuildFile; fileRef = 3E97432A287AFA9700612625 /* AppTabView.swift */; };
		3E977A7628985D0F0084E398 /* Models in Frameworks */ = {isa = PBXBuildFile; productRef = 3E977A7528985D0F0084E398 /* Models */; };
		3E977A7828985D140084E398 /* UIComponents in Frameworks */ = {isa = PBXBuildFile; productRef = 3E977A7728985D140084E398 /* UIComponents */; };
		3E982BD4286F5C4C0017E6A5 /* MainAutoView.swift in Sources */ = {isa = PBXBuildFile; fileRef = 3E982BD3286F5C4C0017E6A5 /* MainAutoView.swift */; };
		3E982BDC286F5FEB0017E6A5 /* EditAutoView.swift in Sources */ = {isa = PBXBuildFile; fileRef = 3E982BDB286F5FEB0017E6A5 /* EditAutoView.swift */; };
		3E982BE0286F687F0017E6A5 /* EditAutoViewModel.swift in Sources */ = {isa = PBXBuildFile; fileRef = 3E982BDF286F687F0017E6A5 /* EditAutoViewModel.swift */; };
		3EC5386B287B51560037DA15 /* AppAssembler.swift in Sources */ = {isa = PBXBuildFile; fileRef = 3EC5386A287B51560037DA15 /* AppAssembler.swift */; };
		3EC5386D287B5AB40037DA15 /* MainFlowCoordinator.swift in Sources */ = {isa = PBXBuildFile; fileRef = 3EC5386C287B5AB40037DA15 /* MainFlowCoordinator.swift */; };
		3EC5386F287B61C00037DA15 /* ProfileFlowCoordinator.swift in Sources */ = {isa = PBXBuildFile; fileRef = 3EC5386E287B61C00037DA15 /* ProfileFlowCoordinator.swift */; };
		3EC53871287B635A0037DA15 /* Coordinator.swift in Sources */ = {isa = PBXBuildFile; fileRef = 3EC53870287B635A0037DA15 /* Coordinator.swift */; };
		3EF37ADC287B267A00399AF4 /* ProfileViewModel.swift in Sources */ = {isa = PBXBuildFile; fileRef = 3EF37ADB287B267A00399AF4 /* ProfileViewModel.swift */; };
		3EFD46F82878E285007619DD /* MainViewModel.swift in Sources */ = {isa = PBXBuildFile; fileRef = 3EFD46F72878E285007619DD /* MainViewModel.swift */; };
/* End PBXBuildFile section */

/* Begin PBXContainerItemProxy section */
		3E75C2D02895CCE100BB03C4 /* PBXContainerItemProxy */ = {
			isa = PBXContainerItemProxy;
			containerPortal = 3E164C67286F38BD006772F9 /* Project object */;
			proxyType = 1;
			remoteGlobalIDString = 3E164C6E286F38BD006772F9;
			remoteInfo = Autologger;
		};
/* End PBXContainerItemProxy section */

/* Begin PBXFileReference section */
		3E099F1928985F290014A07C /* Extensions */ = {isa = PBXFileReference; lastKnownFileType = wrapper; name = Extensions; path = Packages/Common/Extensions; sourceTree = "<group>"; };
		3E0A37D4287B3D9800D9AD68 /* EditProfileView.swift */ = {isa = PBXFileReference; lastKnownFileType = sourcecode.swift; path = EditProfileView.swift; sourceTree = "<group>"; };
		3E0A37D6287B3DA200D9AD68 /* EditProfileViewModel.swift */ = {isa = PBXFileReference; lastKnownFileType = sourcecode.swift; path = EditProfileViewModel.swift; sourceTree = "<group>"; };
		3E164C6F286F38BD006772F9 /* Autologger.app */ = {isa = PBXFileReference; explicitFileType = wrapper.application; includeInIndex = 0; path = Autologger.app; sourceTree = BUILT_PRODUCTS_DIR; };
		3E164C72286F38BD006772F9 /* AutologgerApp.swift */ = {isa = PBXFileReference; lastKnownFileType = sourcecode.swift; path = AutologgerApp.swift; sourceTree = "<group>"; };
		3E164C74286F38BD006772F9 /* MainView.swift */ = {isa = PBXFileReference; lastKnownFileType = sourcecode.swift; path = MainView.swift; sourceTree = "<group>"; };
		3E164C76286F38BE006772F9 /* Assets.xcassets */ = {isa = PBXFileReference; lastKnownFileType = folder.assetcatalog; path = Assets.xcassets; sourceTree = "<group>"; };
		3E164C79286F38BE006772F9 /* Preview Assets.xcassets */ = {isa = PBXFileReference; lastKnownFileType = folder.assetcatalog; path = "Preview Assets.xcassets"; sourceTree = "<group>"; };
		3E369AA728985D6E009DA1C5 /* MakesService */ = {isa = PBXFileReference; lastKnownFileType = wrapper; name = MakesService; path = Packages/Services/MakesService; sourceTree = "<group>"; };
		3E369AA828985D81009DA1C5 /* NetworkManager */ = {isa = PBXFileReference; lastKnownFileType = wrapper; name = NetworkManager; path = Packages/Managers/NetworkManager; sourceTree = "<group>"; };
		3E445B19286F57A2001F21A9 /* Colors.xcassets */ = {isa = PBXFileReference; lastKnownFileType = folder.assetcatalog; path = Colors.xcassets; sourceTree = "<group>"; };
		3E75C2CC2895CCE100BB03C4 /* AutologgerTests.xctest */ = {isa = PBXFileReference; explicitFileType = wrapper.cfbundle; includeInIndex = 0; path = AutologgerTests.xctest; sourceTree = BUILT_PRODUCTS_DIR; };
		3E75C2CE2895CCE100BB03C4 /* MainViewModelTests.swift */ = {isa = PBXFileReference; lastKnownFileType = sourcecode.swift; path = MainViewModelTests.swift; sourceTree = "<group>"; };
		3E75C2D72895DE7400BB03C4 /* MainViewModelOutput.swift */ = {isa = PBXFileReference; lastKnownFileType = sourcecode.swift; path = MainViewModelOutput.swift; sourceTree = "<group>"; };
		3E75C2D92895EA5D00BB03C4 /* ProfileServiceMock.swift */ = {isa = PBXFileReference; lastKnownFileType = sourcecode.swift; path = ProfileServiceMock.swift; sourceTree = "<group>"; };
		3E75C2DB2895EAB400BB03C4 /* UserAutosServiceMock.swift */ = {isa = PBXFileReference; lastKnownFileType = sourcecode.swift; path = UserAutosServiceMock.swift; sourceTree = "<group>"; };
		3E75C2DD2895EAD100BB03C4 /* MainViewModelOutputMock.swift */ = {isa = PBXFileReference; lastKnownFileType = sourcecode.swift; path = MainViewModelOutputMock.swift; sourceTree = "<group>"; };
		3E75C2E12895F8E800BB03C4 /* EditAutoViewModelTests.swift */ = {isa = PBXFileReference; lastKnownFileType = sourcecode.swift; path = EditAutoViewModelTests.swift; sourceTree = "<group>"; };
		3E75C2E42895FA1400BB03C4 /* MakesServiceMock.swift */ = {isa = PBXFileReference; lastKnownFileType = sourcecode.swift; path = MakesServiceMock.swift; sourceTree = "<group>"; };
		3E974326287AF9BF00612625 /* ProfileView.swift */ = {isa = PBXFileReference; lastKnownFileType = sourcecode.swift; path = ProfileView.swift; sourceTree = "<group>"; };
		3E97432A287AFA9700612625 /* AppTabView.swift */ = {isa = PBXFileReference; lastKnownFileType = sourcecode.swift; path = AppTabView.swift; sourceTree = "<group>"; };
		3E977A6F28985CAC0084E398 /* Models */ = {isa = PBXFileReference; lastKnownFileType = wrapper; name = Models; path = Packages/Common/Models; sourceTree = "<group>"; };
		3E977A7028985CB70084E398 /* UIComponents */ = {isa = PBXFileReference; lastKnownFileType = wrapper; name = UIComponents; path = Packages/Common/UIComponents; sourceTree = "<group>"; };
		3E977A7228985CD90084E398 /* ProfileService */ = {isa = PBXFileReference; lastKnownFileType = wrapper; name = ProfileService; path = Packages/Services/ProfileService; sourceTree = "<group>"; };
		3E977A7328985CE20084E398 /* UserAutosService */ = {isa = PBXFileReference; lastKnownFileType = wrapper; name = UserAutosService; path = Packages/Services/UserAutosService; sourceTree = "<group>"; };
		3E982BD3286F5C4C0017E6A5 /* MainAutoView.swift */ = {isa = PBXFileReference; lastKnownFileType = sourcecode.swift; path = MainAutoView.swift; sourceTree = "<group>"; };
		3E982BDB286F5FEB0017E6A5 /* EditAutoView.swift */ = {isa = PBXFileReference; lastKnownFileType = sourcecode.swift; path = EditAutoView.swift; sourceTree = "<group>"; };
		3E982BDF286F687F0017E6A5 /* EditAutoViewModel.swift */ = {isa = PBXFileReference; lastKnownFileType = sourcecode.swift; path = EditAutoViewModel.swift; sourceTree = "<group>"; };
		3EC5386A287B51560037DA15 /* AppAssembler.swift */ = {isa = PBXFileReference; lastKnownFileType = sourcecode.swift; path = AppAssembler.swift; sourceTree = "<group>"; };
		3EC5386C287B5AB40037DA15 /* MainFlowCoordinator.swift */ = {isa = PBXFileReference; lastKnownFileType = sourcecode.swift; path = MainFlowCoordinator.swift; sourceTree = "<group>"; };
		3EC5386E287B61C00037DA15 /* ProfileFlowCoordinator.swift */ = {isa = PBXFileReference; lastKnownFileType = sourcecode.swift; path = ProfileFlowCoordinator.swift; sourceTree = "<group>"; };
		3EC53870287B635A0037DA15 /* Coordinator.swift */ = {isa = PBXFileReference; lastKnownFileType = sourcecode.swift; path = Coordinator.swift; sourceTree = "<group>"; };
		3EF37ADB287B267A00399AF4 /* ProfileViewModel.swift */ = {isa = PBXFileReference; lastKnownFileType = sourcecode.swift; path = ProfileViewModel.swift; sourceTree = "<group>"; };
		3EFD46F72878E285007619DD /* MainViewModel.swift */ = {isa = PBXFileReference; lastKnownFileType = sourcecode.swift; path = MainViewModel.swift; sourceTree = "<group>"; };
/* End PBXFileReference section */

/* Begin PBXFrameworksBuildPhase section */
		3E164C6C286F38BD006772F9 /* Frameworks */ = {
			isa = PBXFrameworksBuildPhase;
			buildActionMask = 2147483647;
			files = (
				3E099F1B28985FA60014A07C /* Extensions in Frameworks */,
				3E369AAC28985D8F009DA1C5 /* ProfileService in Frameworks */,
				3E977A7828985D140084E398 /* UIComponents in Frameworks */,
				3E369AAE28985D92009DA1C5 /* UserAutosService in Frameworks */,
				3E369AAA28985D8B009DA1C5 /* MakesService in Frameworks */,
				3E977A7628985D0F0084E398 /* Models in Frameworks */,
			);
			runOnlyForDeploymentPostprocessing = 0;
		};
		3E75C2C92895CCE100BB03C4 /* Frameworks */ = {
			isa = PBXFrameworksBuildPhase;
			buildActionMask = 2147483647;
			files = (
				3E099F1D289861D00014A07C /* TestExtensions in Frameworks */,
			);
			runOnlyForDeploymentPostprocessing = 0;
		};
/* End PBXFrameworksBuildPhase section */

/* Begin PBXGroup section */
		3E0A37D8287B3E7400D9AD68 /* EditProfile */ = {
			isa = PBXGroup;
			children = (
				3E0A37D4287B3D9800D9AD68 /* EditProfileView.swift */,
				3E0A37D6287B3DA200D9AD68 /* EditProfileViewModel.swift */,
			);
			path = EditProfile;
			sourceTree = "<group>";
		};
		3E164C66286F38BD006772F9 = {
			isa = PBXGroup;
			children = (
				3E977A6E28985CAC0084E398 /* Packages */,
				3E164C71286F38BD006772F9 /* Autologger */,
				3E75C2CD2895CCE100BB03C4 /* AutologgerTests */,
				3E164C70286F38BD006772F9 /* Products */,
				3EFD47012878EB61007619DD /* Frameworks */,
			);
			sourceTree = "<group>";
		};
		3E164C70286F38BD006772F9 /* Products */ = {
			isa = PBXGroup;
			children = (
				3E164C6F286F38BD006772F9 /* Autologger.app */,
				3E75C2CC2895CCE100BB03C4 /* AutologgerTests.xctest */,
			);
			name = Products;
			sourceTree = "<group>";
		};
		3E164C71286F38BD006772F9 /* Autologger */ = {
			isa = PBXGroup;
			children = (
				3E164C72286F38BD006772F9 /* AutologgerApp.swift */,
				3E97432A287AFA9700612625 /* AppTabView.swift */,
				3EC5386A287B51560037DA15 /* AppAssembler.swift */,
				3EA0C256287B8316004EFE40 /* Coordinators */,
				3EA0C257287B831F004EFE40 /* Modules */,
				3E445B19286F57A2001F21A9 /* Colors.xcassets */,
				3E164C76286F38BE006772F9 /* Assets.xcassets */,
				3E164C78286F38BE006772F9 /* Preview Content */,
			);
			path = Autologger;
			sourceTree = "<group>";
		};
		3E164C78286F38BE006772F9 /* Preview Content */ = {
			isa = PBXGroup;
			children = (
				3E164C79286F38BE006772F9 /* Preview Assets.xcassets */,
			);
			path = "Preview Content";
			sourceTree = "<group>";
		};
		3E75C2CD2895CCE100BB03C4 /* AutologgerTests */ = {
			isa = PBXGroup;
			children = (
				3E75C2E32895F8EC00BB03C4 /* EditAuto */,
				3E75C2DF2895EB3F00BB03C4 /* MainViewModel */,
				3E75C2E02895EB4900BB03C4 /* Services */,
			);
			path = AutologgerTests;
			sourceTree = "<group>";
		};
		3E75C2DF2895EB3F00BB03C4 /* MainViewModel */ = {
			isa = PBXGroup;
			children = (
				3E75C2CE2895CCE100BB03C4 /* MainViewModelTests.swift */,
				3E75C2DD2895EAD100BB03C4 /* MainViewModelOutputMock.swift */,
			);
			path = MainViewModel;
			sourceTree = "<group>";
		};
		3E75C2E02895EB4900BB03C4 /* Services */ = {
			isa = PBXGroup;
			children = (
				3E75C2DB2895EAB400BB03C4 /* UserAutosServiceMock.swift */,
				3E75C2D92895EA5D00BB03C4 /* ProfileServiceMock.swift */,
				3E75C2E42895FA1400BB03C4 /* MakesServiceMock.swift */,
			);
			path = Services;
			sourceTree = "<group>";
		};
		3E75C2E32895F8EC00BB03C4 /* EditAuto */ = {
			isa = PBXGroup;
			children = (
				3E75C2E12895F8E800BB03C4 /* EditAutoViewModelTests.swift */,
			);
			path = EditAuto;
			sourceTree = "<group>";
		};
		3E97432C287AFB6100612625 /* Profile */ = {
			isa = PBXGroup;
			children = (
				3E974326287AF9BF00612625 /* ProfileView.swift */,
				3EF37ADB287B267A00399AF4 /* ProfileViewModel.swift */,
			);
			path = Profile;
			sourceTree = "<group>";
		};
		3E977A6E28985CAC0084E398 /* Packages */ = {
			isa = PBXGroup;
			children = (
				3E099F1928985F290014A07C /* Extensions */,
				3E977A6F28985CAC0084E398 /* Models */,
				3E977A7028985CB70084E398 /* UIComponents */,
				3E977A7228985CD90084E398 /* ProfileService */,
				3E977A7328985CE20084E398 /* UserAutosService */,
				3E369AA728985D6E009DA1C5 /* MakesService */,
				3E369AA828985D81009DA1C5 /* NetworkManager */,
			);
			name = Packages;
			sourceTree = "<group>";
		};
		3E982BD2286F5C420017E6A5 /* Main */ = {
			isa = PBXGroup;
			children = (
				3EFD46F92878E28F007619DD /* Subviews */,
				3E164C74286F38BD006772F9 /* MainView.swift */,
				3EFD46F72878E285007619DD /* MainViewModel.swift */,
				3E75C2D72895DE7400BB03C4 /* MainViewModelOutput.swift */,
			);
			path = Main;
			sourceTree = "<group>";
		};
		3E982BDE286F5FF50017E6A5 /* EditAuto */ = {
			isa = PBXGroup;
			children = (
				3E982BDB286F5FEB0017E6A5 /* EditAutoView.swift */,
				3E982BDF286F687F0017E6A5 /* EditAutoViewModel.swift */,
			);
			path = EditAuto;
			sourceTree = "<group>";
		};
		3EA0C256287B8316004EFE40 /* Coordinators */ = {
			isa = PBXGroup;
			children = (
				3EC53870287B635A0037DA15 /* Coordinator.swift */,
				3EC5386C287B5AB40037DA15 /* MainFlowCoordinator.swift */,
				3EC5386E287B61C00037DA15 /* ProfileFlowCoordinator.swift */,
			);
			path = Coordinators;
			sourceTree = "<group>";
		};
		3EA0C257287B831F004EFE40 /* Modules */ = {
			isa = PBXGroup;
			children = (
				3E982BD2286F5C420017E6A5 /* Main */,
				3E982BDE286F5FF50017E6A5 /* EditAuto */,
				3E97432C287AFB6100612625 /* Profile */,
				3E0A37D8287B3E7400D9AD68 /* EditProfile */,
			);
			path = Modules;
			sourceTree = "<group>";
		};
		3EFD46F92878E28F007619DD /* Subviews */ = {
			isa = PBXGroup;
			children = (
				3E982BD3286F5C4C0017E6A5 /* MainAutoView.swift */,
			);
			path = Subviews;
			sourceTree = "<group>";
		};
		3EFD47012878EB61007619DD /* Frameworks */ = {
			isa = PBXGroup;
			children = (
			);
			name = Frameworks;
			sourceTree = "<group>";
		};
/* End PBXGroup section */

/* Begin PBXNativeTarget section */
		3E164C6E286F38BD006772F9 /* Autologger */ = {
			isa = PBXNativeTarget;
			buildConfigurationList = 3E164C7D286F38BE006772F9 /* Build configuration list for PBXNativeTarget "Autologger" */;
			buildPhases = (
				3E164C6B286F38BD006772F9 /* Sources */,
				3E164C6C286F38BD006772F9 /* Frameworks */,
				3E164C6D286F38BD006772F9 /* Resources */,
			);
			buildRules = (
			);
			dependencies = (
			);
			name = Autologger;
			packageProductDependencies = (
				3E977A7528985D0F0084E398 /* Models */,
				3E977A7728985D140084E398 /* UIComponents */,
				3E369AA928985D8B009DA1C5 /* MakesService */,
				3E369AAB28985D8F009DA1C5 /* ProfileService */,
				3E369AAD28985D92009DA1C5 /* UserAutosService */,
				3E099F1A28985FA60014A07C /* Extensions */,
			);
			productName = Autologger;
			productReference = 3E164C6F286F38BD006772F9 /* Autologger.app */;
			productType = "com.apple.product-type.application";
		};
		3E75C2CB2895CCE100BB03C4 /* AutologgerTests */ = {
			isa = PBXNativeTarget;
			buildConfigurationList = 3E75C2D42895CCE100BB03C4 /* Build configuration list for PBXNativeTarget "AutologgerTests" */;
			buildPhases = (
				3E75C2C82895CCE100BB03C4 /* Sources */,
				3E75C2C92895CCE100BB03C4 /* Frameworks */,
				3E75C2CA2895CCE100BB03C4 /* Resources */,
			);
			buildRules = (
			);
			dependencies = (
				3E75C2D12895CCE100BB03C4 /* PBXTargetDependency */,
			);
			name = AutologgerTests;
			packageProductDependencies = (
				3E099F1C289861D00014A07C /* TestExtensions */,
			);
			productName = AutologgerTests;
			productReference = 3E75C2CC2895CCE100BB03C4 /* AutologgerTests.xctest */;
			productType = "com.apple.product-type.bundle.unit-test";
		};
/* End PBXNativeTarget section */

/* Begin PBXProject section */
		3E164C67286F38BD006772F9 /* Project object */ = {
			isa = PBXProject;
			attributes = {
				BuildIndependentTargetsInParallel = 1;
				LastSwiftUpdateCheck = 1340;
				LastUpgradeCheck = 1340;
				TargetAttributes = {
					3E164C6E286F38BD006772F9 = {
						CreatedOnToolsVersion = 13.4;
					};
					3E75C2CB2895CCE100BB03C4 = {
						CreatedOnToolsVersion = 13.4;
						TestTargetID = 3E164C6E286F38BD006772F9;
					};
				};
			};
			buildConfigurationList = 3E164C6A286F38BD006772F9 /* Build configuration list for PBXProject "Autologger" */;
			compatibilityVersion = "Xcode 13.0";
			developmentRegion = en;
			hasScannedForEncodings = 0;
			knownRegions = (
				en,
				Base,
			);
			mainGroup = 3E164C66286F38BD006772F9;
			productRefGroup = 3E164C70286F38BD006772F9 /* Products */;
			projectDirPath = "";
			projectRoot = "";
			targets = (
				3E164C6E286F38BD006772F9 /* Autologger */,
				3E75C2CB2895CCE100BB03C4 /* AutologgerTests */,
			);
		};
/* End PBXProject section */

/* Begin PBXResourcesBuildPhase section */
		3E164C6D286F38BD006772F9 /* Resources */ = {
			isa = PBXResourcesBuildPhase;
			buildActionMask = 2147483647;
			files = (
				3E445B1A286F57A2001F21A9 /* Colors.xcassets in Resources */,
				3E164C7A286F38BE006772F9 /* Preview Assets.xcassets in Resources */,
				3E164C77286F38BE006772F9 /* Assets.xcassets in Resources */,
			);
			runOnlyForDeploymentPostprocessing = 0;
		};
		3E75C2CA2895CCE100BB03C4 /* Resources */ = {
			isa = PBXResourcesBuildPhase;
			buildActionMask = 2147483647;
			files = (
			);
			runOnlyForDeploymentPostprocessing = 0;
		};
/* End PBXResourcesBuildPhase section */

/* Begin PBXSourcesBuildPhase section */
		3E164C6B286F38BD006772F9 /* Sources */ = {
			isa = PBXSourcesBuildPhase;
			buildActionMask = 2147483647;
			files = (
				3E0A37D7287B3DA200D9AD68 /* EditProfileViewModel.swift in Sources */,
				3E982BD4286F5C4C0017E6A5 /* MainAutoView.swift in Sources */,
				3EC53871287B635A0037DA15 /* Coordinator.swift in Sources */,
				3E974327287AF9BF00612625 /* ProfileView.swift in Sources */,
				3E75C2D82895DE7400BB03C4 /* MainViewModelOutput.swift in Sources */,
				3E982BDC286F5FEB0017E6A5 /* EditAutoView.swift in Sources */,
				3E0A37D5287B3D9800D9AD68 /* EditProfileView.swift in Sources */,
				3EC5386D287B5AB40037DA15 /* MainFlowCoordinator.swift in Sources */,
				3E164C75286F38BD006772F9 /* MainView.swift in Sources */,
				3EF37ADC287B267A00399AF4 /* ProfileViewModel.swift in Sources */,
				3E982BE0286F687F0017E6A5 /* EditAutoViewModel.swift in Sources */,
				3E164C73286F38BD006772F9 /* AutologgerApp.swift in Sources */,
				3EC5386B287B51560037DA15 /* AppAssembler.swift in Sources */,
				3EFD46F82878E285007619DD /* MainViewModel.swift in Sources */,
				3EC5386F287B61C00037DA15 /* ProfileFlowCoordinator.swift in Sources */,
				3E97432B287AFA9700612625 /* AppTabView.swift in Sources */,
			);
			runOnlyForDeploymentPostprocessing = 0;
		};
		3E75C2C82895CCE100BB03C4 /* Sources */ = {
			isa = PBXSourcesBuildPhase;
			buildActionMask = 2147483647;
			files = (
				3E75C2E22895F8E800BB03C4 /* EditAutoViewModelTests.swift in Sources */,
				3E75C2E52895FA1400BB03C4 /* MakesServiceMock.swift in Sources */,
				3E75C2DE2895EAD100BB03C4 /* MainViewModelOutputMock.swift in Sources */,
				3E75C2CF2895CCE100BB03C4 /* MainViewModelTests.swift in Sources */,
				3E75C2DC2895EAB400BB03C4 /* UserAutosServiceMock.swift in Sources */,
				3E75C2DA2895EA5D00BB03C4 /* ProfileServiceMock.swift in Sources */,
			);
			runOnlyForDeploymentPostprocessing = 0;
		};
/* End PBXSourcesBuildPhase section */

/* Begin PBXTargetDependency section */
		3E75C2D12895CCE100BB03C4 /* PBXTargetDependency */ = {
			isa = PBXTargetDependency;
			target = 3E164C6E286F38BD006772F9 /* Autologger */;
			targetProxy = 3E75C2D02895CCE100BB03C4 /* PBXContainerItemProxy */;
		};
/* End PBXTargetDependency section */

/* Begin XCBuildConfiguration section */
		3E164C7B286F38BE006772F9 /* Debug */ = {
			isa = XCBuildConfiguration;
			buildSettings = {
				ALWAYS_SEARCH_USER_PATHS = NO;
				CLANG_ANALYZER_NONNULL = YES;
				CLANG_ANALYZER_NUMBER_OBJECT_CONVERSION = YES_AGGRESSIVE;
				CLANG_CXX_LANGUAGE_STANDARD = "gnu++17";
				CLANG_ENABLE_MODULES = YES;
				CLANG_ENABLE_OBJC_ARC = YES;
				CLANG_ENABLE_OBJC_WEAK = YES;
				CLANG_WARN_BLOCK_CAPTURE_AUTORELEASING = YES;
				CLANG_WARN_BOOL_CONVERSION = YES;
				CLANG_WARN_COMMA = YES;
				CLANG_WARN_CONSTANT_CONVERSION = YES;
				CLANG_WARN_DEPRECATED_OBJC_IMPLEMENTATIONS = YES;
				CLANG_WARN_DIRECT_OBJC_ISA_USAGE = YES_ERROR;
				CLANG_WARN_DOCUMENTATION_COMMENTS = YES;
				CLANG_WARN_EMPTY_BODY = YES;
				CLANG_WARN_ENUM_CONVERSION = YES;
				CLANG_WARN_INFINITE_RECURSION = YES;
				CLANG_WARN_INT_CONVERSION = YES;
				CLANG_WARN_NON_LITERAL_NULL_CONVERSION = YES;
				CLANG_WARN_OBJC_IMPLICIT_RETAIN_SELF = YES;
				CLANG_WARN_OBJC_LITERAL_CONVERSION = YES;
				CLANG_WARN_OBJC_ROOT_CLASS = YES_ERROR;
				CLANG_WARN_QUOTED_INCLUDE_IN_FRAMEWORK_HEADER = YES;
				CLANG_WARN_RANGE_LOOP_ANALYSIS = YES;
				CLANG_WARN_STRICT_PROTOTYPES = YES;
				CLANG_WARN_SUSPICIOUS_MOVE = YES;
				CLANG_WARN_UNGUARDED_AVAILABILITY = YES_AGGRESSIVE;
				CLANG_WARN_UNREACHABLE_CODE = YES;
				CLANG_WARN__DUPLICATE_METHOD_MATCH = YES;
				COPY_PHASE_STRIP = NO;
				DEBUG_INFORMATION_FORMAT = dwarf;
				ENABLE_STRICT_OBJC_MSGSEND = YES;
				ENABLE_TESTABILITY = YES;
				GCC_C_LANGUAGE_STANDARD = gnu11;
				GCC_DYNAMIC_NO_PIC = NO;
				GCC_NO_COMMON_BLOCKS = YES;
				GCC_OPTIMIZATION_LEVEL = 0;
				GCC_PREPROCESSOR_DEFINITIONS = (
					"DEBUG=1",
					"$(inherited)",
				);
				GCC_WARN_64_TO_32_BIT_CONVERSION = YES;
				GCC_WARN_ABOUT_RETURN_TYPE = YES_ERROR;
				GCC_WARN_UNDECLARED_SELECTOR = YES;
				GCC_WARN_UNINITIALIZED_AUTOS = YES_AGGRESSIVE;
				GCC_WARN_UNUSED_FUNCTION = YES;
				GCC_WARN_UNUSED_VARIABLE = YES;
				IPHONEOS_DEPLOYMENT_TARGET = 15.0;
				MTL_ENABLE_DEBUG_INFO = INCLUDE_SOURCE;
				MTL_FAST_MATH = YES;
				ONLY_ACTIVE_ARCH = YES;
				SDKROOT = iphoneos;
				SWIFT_ACTIVE_COMPILATION_CONDITIONS = DEBUG;
				SWIFT_OPTIMIZATION_LEVEL = "-Onone";
			};
			name = Debug;
		};
		3E164C7C286F38BE006772F9 /* Release */ = {
			isa = XCBuildConfiguration;
			buildSettings = {
				ALWAYS_SEARCH_USER_PATHS = NO;
				CLANG_ANALYZER_NONNULL = YES;
				CLANG_ANALYZER_NUMBER_OBJECT_CONVERSION = YES_AGGRESSIVE;
				CLANG_CXX_LANGUAGE_STANDARD = "gnu++17";
				CLANG_ENABLE_MODULES = YES;
				CLANG_ENABLE_OBJC_ARC = YES;
				CLANG_ENABLE_OBJC_WEAK = YES;
				CLANG_WARN_BLOCK_CAPTURE_AUTORELEASING = YES;
				CLANG_WARN_BOOL_CONVERSION = YES;
				CLANG_WARN_COMMA = YES;
				CLANG_WARN_CONSTANT_CONVERSION = YES;
				CLANG_WARN_DEPRECATED_OBJC_IMPLEMENTATIONS = YES;
				CLANG_WARN_DIRECT_OBJC_ISA_USAGE = YES_ERROR;
				CLANG_WARN_DOCUMENTATION_COMMENTS = YES;
				CLANG_WARN_EMPTY_BODY = YES;
				CLANG_WARN_ENUM_CONVERSION = YES;
				CLANG_WARN_INFINITE_RECURSION = YES;
				CLANG_WARN_INT_CONVERSION = YES;
				CLANG_WARN_NON_LITERAL_NULL_CONVERSION = YES;
				CLANG_WARN_OBJC_IMPLICIT_RETAIN_SELF = YES;
				CLANG_WARN_OBJC_LITERAL_CONVERSION = YES;
				CLANG_WARN_OBJC_ROOT_CLASS = YES_ERROR;
				CLANG_WARN_QUOTED_INCLUDE_IN_FRAMEWORK_HEADER = YES;
				CLANG_WARN_RANGE_LOOP_ANALYSIS = YES;
				CLANG_WARN_STRICT_PROTOTYPES = YES;
				CLANG_WARN_SUSPICIOUS_MOVE = YES;
				CLANG_WARN_UNGUARDED_AVAILABILITY = YES_AGGRESSIVE;
				CLANG_WARN_UNREACHABLE_CODE = YES;
				CLANG_WARN__DUPLICATE_METHOD_MATCH = YES;
				COPY_PHASE_STRIP = NO;
				DEBUG_INFORMATION_FORMAT = "dwarf-with-dsym";
				ENABLE_NS_ASSERTIONS = NO;
				ENABLE_STRICT_OBJC_MSGSEND = YES;
				GCC_C_LANGUAGE_STANDARD = gnu11;
				GCC_NO_COMMON_BLOCKS = YES;
				GCC_WARN_64_TO_32_BIT_CONVERSION = YES;
				GCC_WARN_ABOUT_RETURN_TYPE = YES_ERROR;
				GCC_WARN_UNDECLARED_SELECTOR = YES;
				GCC_WARN_UNINITIALIZED_AUTOS = YES_AGGRESSIVE;
				GCC_WARN_UNUSED_FUNCTION = YES;
				GCC_WARN_UNUSED_VARIABLE = YES;
				IPHONEOS_DEPLOYMENT_TARGET = 15.0;
				MTL_ENABLE_DEBUG_INFO = NO;
				MTL_FAST_MATH = YES;
				SDKROOT = iphoneos;
				SWIFT_COMPILATION_MODE = wholemodule;
				SWIFT_OPTIMIZATION_LEVEL = "-O";
				VALIDATE_PRODUCT = YES;
			};
			name = Release;
		};
		3E164C7E286F38BE006772F9 /* Debug */ = {
			isa = XCBuildConfiguration;
			buildSettings = {
				ASSETCATALOG_COMPILER_APPICON_NAME = AppIcon;
				ASSETCATALOG_COMPILER_GLOBAL_ACCENT_COLOR_NAME = AccentColor;
				CODE_SIGN_STYLE = Automatic;
				CURRENT_PROJECT_VERSION = 1;
				DEVELOPMENT_ASSET_PATHS = "\"Autologger/Preview Content\"";
				DEVELOPMENT_TEAM = 6FHJ5NMM3D;
				ENABLE_PREVIEWS = YES;
				GENERATE_INFOPLIST_FILE = YES;
				INFOPLIST_KEY_UIApplicationSceneManifest_Generation = YES;
				INFOPLIST_KEY_UIApplicationSupportsIndirectInputEvents = YES;
				INFOPLIST_KEY_UILaunchScreen_Generation = YES;
				INFOPLIST_KEY_UISupportedInterfaceOrientations_iPad = "UIInterfaceOrientationPortrait UIInterfaceOrientationPortraitUpsideDown UIInterfaceOrientationLandscapeLeft UIInterfaceOrientationLandscapeRight";
				INFOPLIST_KEY_UISupportedInterfaceOrientations_iPhone = "UIInterfaceOrientationPortrait UIInterfaceOrientationLandscapeLeft UIInterfaceOrientationLandscapeRight";
				LD_RUNPATH_SEARCH_PATHS = (
					"$(inherited)",
					"@executable_path/Frameworks",
				);
				MARKETING_VERSION = 1.0;
				PRODUCT_BUNDLE_IDENTIFIER = ru.ashurbekov.app.Autologger;
				PRODUCT_NAME = "$(TARGET_NAME)";
				SWIFT_EMIT_LOC_STRINGS = YES;
				SWIFT_VERSION = 5.0;
				TARGETED_DEVICE_FAMILY = "1,2";
			};
			name = Debug;
		};
		3E164C7F286F38BE006772F9 /* Release */ = {
			isa = XCBuildConfiguration;
			buildSettings = {
				ASSETCATALOG_COMPILER_APPICON_NAME = AppIcon;
				ASSETCATALOG_COMPILER_GLOBAL_ACCENT_COLOR_NAME = AccentColor;
				CODE_SIGN_STYLE = Automatic;
				CURRENT_PROJECT_VERSION = 1;
				DEVELOPMENT_ASSET_PATHS = "\"Autologger/Preview Content\"";
				DEVELOPMENT_TEAM = 6FHJ5NMM3D;
				ENABLE_PREVIEWS = YES;
				GENERATE_INFOPLIST_FILE = YES;
				INFOPLIST_KEY_UIApplicationSceneManifest_Generation = YES;
				INFOPLIST_KEY_UIApplicationSupportsIndirectInputEvents = YES;
				INFOPLIST_KEY_UILaunchScreen_Generation = YES;
				INFOPLIST_KEY_UISupportedInterfaceOrientations_iPad = "UIInterfaceOrientationPortrait UIInterfaceOrientationPortraitUpsideDown UIInterfaceOrientationLandscapeLeft UIInterfaceOrientationLandscapeRight";
				INFOPLIST_KEY_UISupportedInterfaceOrientations_iPhone = "UIInterfaceOrientationPortrait UIInterfaceOrientationLandscapeLeft UIInterfaceOrientationLandscapeRight";
				LD_RUNPATH_SEARCH_PATHS = (
					"$(inherited)",
					"@executable_path/Frameworks",
				);
				MARKETING_VERSION = 1.0;
				PRODUCT_BUNDLE_IDENTIFIER = ru.ashurbekov.app.Autologger;
				PRODUCT_NAME = "$(TARGET_NAME)";
				SWIFT_EMIT_LOC_STRINGS = YES;
				SWIFT_VERSION = 5.0;
				TARGETED_DEVICE_FAMILY = "1,2";
			};
			name = Release;
		};
		3E75C2D22895CCE100BB03C4 /* Debug */ = {
			isa = XCBuildConfiguration;
			buildSettings = {
				BUNDLE_LOADER = "$(TEST_HOST)";
				CODE_SIGN_STYLE = Automatic;
				CURRENT_PROJECT_VERSION = 1;
				DEVELOPMENT_TEAM = 6FHJ5NMM3D;
				GENERATE_INFOPLIST_FILE = YES;
				IPHONEOS_DEPLOYMENT_TARGET = 15.5;
				MARKETING_VERSION = 1.0;
				PRODUCT_BUNDLE_IDENTIFIER = ru.ashurbekov.app.AutologgerTests;
				PRODUCT_NAME = "$(TARGET_NAME)";
				SWIFT_EMIT_LOC_STRINGS = NO;
				SWIFT_VERSION = 5.0;
				TARGETED_DEVICE_FAMILY = "1,2";
				TEST_HOST = "$(BUILT_PRODUCTS_DIR)/Autologger.app/Autologger";
			};
			name = Debug;
		};
		3E75C2D32895CCE100BB03C4 /* Release */ = {
			isa = XCBuildConfiguration;
			buildSettings = {
				BUNDLE_LOADER = "$(TEST_HOST)";
				CODE_SIGN_STYLE = Automatic;
				CURRENT_PROJECT_VERSION = 1;
				DEVELOPMENT_TEAM = 6FHJ5NMM3D;
				GENERATE_INFOPLIST_FILE = YES;
				IPHONEOS_DEPLOYMENT_TARGET = 15.5;
				MARKETING_VERSION = 1.0;
				PRODUCT_BUNDLE_IDENTIFIER = ru.ashurbekov.app.AutologgerTests;
				PRODUCT_NAME = "$(TARGET_NAME)";
				SWIFT_EMIT_LOC_STRINGS = NO;
				SWIFT_VERSION = 5.0;
				TARGETED_DEVICE_FAMILY = "1,2";
				TEST_HOST = "$(BUILT_PRODUCTS_DIR)/Autologger.app/Autologger";
			};
			name = Release;
		};
/* End XCBuildConfiguration section */

/* Begin XCConfigurationList section */
		3E164C6A286F38BD006772F9 /* Build configuration list for PBXProject "Autologger" */ = {
			isa = XCConfigurationList;
			buildConfigurations = (
				3E164C7B286F38BE006772F9 /* Debug */,
				3E164C7C286F38BE006772F9 /* Release */,
			);
			defaultConfigurationIsVisible = 0;
			defaultConfigurationName = Release;
		};
		3E164C7D286F38BE006772F9 /* Build configuration list for PBXNativeTarget "Autologger" */ = {
			isa = XCConfigurationList;
			buildConfigurations = (
				3E164C7E286F38BE006772F9 /* Debug */,
				3E164C7F286F38BE006772F9 /* Release */,
			);
			defaultConfigurationIsVisible = 0;
			defaultConfigurationName = Release;
		};
		3E75C2D42895CCE100BB03C4 /* Build configuration list for PBXNativeTarget "AutologgerTests" */ = {
			isa = XCConfigurationList;
			buildConfigurations = (
				3E75C2D22895CCE100BB03C4 /* Debug */,
				3E75C2D32895CCE100BB03C4 /* Release */,
			);
			defaultConfigurationIsVisible = 0;
			defaultConfigurationName = Release;
		};
/* End XCConfigurationList section */

/* Begin XCSwiftPackageProductDependency section */
		3E099F1A28985FA60014A07C /* Extensions */ = {
			isa = XCSwiftPackageProductDependency;
			productName = Extensions;
		};
		3E099F1C289861D00014A07C /* TestExtensions */ = {
			isa = XCSwiftPackageProductDependency;
			productName = TestExtensions;
		};
		3E369AA928985D8B009DA1C5 /* MakesService */ = {
			isa = XCSwiftPackageProductDependency;
			productName = MakesService;
		};
		3E369AAB28985D8F009DA1C5 /* ProfileService */ = {
			isa = XCSwiftPackageProductDependency;
			productName = ProfileService;
		};
		3E369AAD28985D92009DA1C5 /* UserAutosService */ = {
			isa = XCSwiftPackageProductDependency;
			productName = UserAutosService;
		};
		3E977A7528985D0F0084E398 /* Models */ = {
			isa = XCSwiftPackageProductDependency;
			productName = Models;
		};
		3E977A7728985D140084E398 /* UIComponents */ = {
			isa = XCSwiftPackageProductDependency;
			productName = UIComponents;
		};
/* End XCSwiftPackageProductDependency section */
	};
	rootObject = 3E164C67286F38BD006772F9 /* Project object */;
}
